{
  "name": "asscript",
  "version": "1.0.0",
  "lockfileVersion": 1,
  "requires": true,
  "dependencies": {
    "@assemblyscript/loader": {
      "version": "0.9.2",
      "resolved": "https://registry.npm.taobao.org/@assemblyscript/loader/download/@assemblyscript/loader-0.9.2.tgz",
      "integrity": "sha1-XhVjybtYOf+cizrmZ+klXYoWajc="
    },
    "assemblyscript": {
      "version": "0.9.2",
      "resolved": "https://registry.npm.taobao.org/assemblyscript/download/assemblyscript-0.9.2.tgz",
      "integrity": "sha1-3SVDcLhDa9mX0Uu36GdTUYCQeZU=",
      "dev": true,
      "requires": {
        "binaryen": "90.0.0-nightly.20200214",
        "long": "^4.0.0"
      }
    },
    "binaryen": {
      "version": "90.0.0-nightly.20200214",
      "resolved": "https://registry.npm.taobao.org/binaryen/download/binaryen-90.0.0-nightly.20200214.tgz",
      "integrity": "sha1-wvRjFN2lnvNZxfokwLYYCwui8As=",
      "dev": true
    },
    "jsnumpy": {
      "version": "1.1.10",
      "resolved": "https://registry.npm.taobao.org/jsnumpy/download/jsnumpy-1.1.10.tgz",
      "integrity": "sha1-LeBNaWbY8KpDGumfw/3yCzcUmOs=",
      "requires": {
        "matrix_deep_clone": "^1.0.2"
      }
    },
    "long": {
      "version": "4.0.0",
      "resolved": "http://registry.npm.taobao.org/long/download/long-4.0.0.tgz",
      "integrity": "sha1-mntxz7fTYaGU6lVSQckvdGjVvyg=",
      "dev": true
    },
    "matrix_deep_clone": {
      "version": "1.0.2",
      "resolved": "https://registry.npm.taobao.org/matrix_deep_clone/download/matrix_deep_clone-1.0.2.tgz",
      "integrity": "sha1-2S0aTJoigSvn+tdq/99tu7QjH8Q="
    }
  }
}
